
Microsoft Visual Studio Solution File, Format Version 12.00
# Visual Studio Version 17
VisualStudioVersion = 17.11.35312.102
MinimumVisualStudioVersion = 10.0.40219.1
Project("{9A19103F-16F7-4668-BE54-9A1E7A4F7556}") = "UserRegistrations", "UserRegistrations.csproj", "{FAA18F21-A546-471D-97EF-ABA36E64DD1E}"
EndProject
Global
	GlobalSection(SolutionConfigurationPlatforms) = preSolution
		Debug|Any CPU = Debug|Any CPU
		Release|Any CPU = Release|Any CPU
	EndGlobalSection
	GlobalSection(ProjectConfigurationPlatforms) = postSolution
		{FAA18F21-A546-471D-97EF-ABA36E64DD1E}.Debug|Any CPU.ActiveCfg = Debug|Any CPU
		{FAA18F21-A546-471D-97EF-ABA36E64DD1E}.Debug|Any CPU.Build.0 = Debug|Any CPU
		{FAA18F21-A546-471D-97EF-ABA36E64DD1E}.Release|Any CPU.ActiveCfg = Release|Any CPU
		{FAA18F21-A546-471D-97EF-ABA36E64DD1E}.Release|Any CPU.Build.0 = Release|Any CPU
	EndGlobalSection
	GlobalSection(SolutionProperties) = preSolution
		HideSolutionNode = FALSE
	EndGlobalSection
	GlobalSection(ExtensibilityGlobals) = postSolution
		SolutionGuid = {827C52C5-06A0-4A66-96C4-2AD16493A56A}
	EndGlobalSection
EndGlobal
